
Microsoft Visual Studio Solution File, Format Version 12.00
# Visual Studio 15
VisualStudioVersion = 15.0.28307.329
MinimumVisualStudioVersion = 10.0.40219.1
Project("{FAE04EC0-301F-11D3-BF4B-00C04F79EFBC}") = "SimpleApp", "SimpleApp\SimpleApp.csproj", "{5BE35507-CF9B-41D5-9622-6BB889C47E17}"
EndProject
Project("{FAE04EC0-301F-11D3-BF4B-00C04F79EFBC}") = "CommonModules", "CommonModules\CommonModules.csproj", "{9E85EF01-E8A6-4A0E-9F3A-DEC5DC07031F}"
EndProject
Global
	GlobalSection(SolutionConfigurationPlatforms) = preSolution
		Debug|Any CPU = Debug|Any CPU
		Release|Any CPU = Release|Any CPU
	EndGlobalSection
	GlobalSection(ProjectConfigurationPlatforms) = postSolution
		{5BE35507-CF9B-41D5-9622-6BB889C47E17}.Debug|Any CPU.ActiveCfg = Debug|Any CPU
		{5BE35507-CF9B-41D5-9622-6BB889C47E17}.Debug|Any CPU.Build.0 = Debug|Any CPU
		{5BE35507-CF9B-41D5-9622-6BB889C47E17}.Release|Any CPU.ActiveCfg = Release|Any CPU
		{5BE35507-CF9B-41D5-9622-6BB889C47E17}.Release|Any CPU.Build.0 = Release|Any CPU
		{9E85EF01-E8A6-4A0E-9F3A-DEC5DC07031F}.Debug|Any CPU.ActiveCfg = Debug|Any CPU
		{9E85EF01-E8A6-4A0E-9F3A-DEC5DC07031F}.Debug|Any CPU.Build.0 = Debug|Any CPU
		{9E85EF01-E8A6-4A0E-9F3A-DEC5DC07031F}.Release|Any CPU.ActiveCfg = Release|Any CPU
		{9E85EF01-E8A6-4A0E-9F3A-DEC5DC07031F}.Release|Any CPU.Build.0 = Release|Any CPU
	EndGlobalSection
	GlobalSection(SolutionProperties) = preSolution
		HideSolutionNode = FALSE
	EndGlobalSection
	GlobalSection(ExtensibilityGlobals) = postSolution
		SolutionGuid = {16BFC379-3864-4481-9F2B-DE11401DCCBC}
	EndGlobalSection
EndGlobal
